// !$*UTF8*$!
{
	archiveVersion = 1;
	classes = {
	};
	objectVersion = 55;
	objects = {

/* Begin PBXBuildFile section */
		02230CD829E5FDE4006FBDBD /* TableViewCellMeal.swift in Sources */ = {isa = PBXBuildFile; fileRef = 02230CD729E5FDE4006FBDBD /* TableViewCellMeal.swift */; };
		02230CDC29E604C4006FBDBD /* Meals.swift in Sources */ = {isa = PBXBuildFile; fileRef = 02230CDB29E604C4006FBDBD /* Meals.swift */; };
		02B87B8F29E5F8AC0043B237 /* AppDelegate.swift in Sources */ = {isa = PBXBuildFile; fileRef = 02B87B8E29E5F8AC0043B237 /* AppDelegate.swift */; };
		02B87B9129E5F8AC0043B237 /* SceneDelegate.swift in Sources */ = {isa = PBXBuildFile; fileRef = 02B87B9029E5F8AC0043B237 /* SceneDelegate.swift */; };
		02B87B9329E5F8AC0043B237 /* ViewController.swift in Sources */ = {isa = PBXBuildFile; fileRef = 02B87B9229E5F8AC0043B237 /* ViewController.swift */; };
		02B87B9629E5F8AC0043B237 /* Main.storyboard in Resources */ = {isa = PBXBuildFile; fileRef = 02B87B9429E5F8AC0043B237 /* Main.storyboard */; };
		02B87B9829E5F8AD0043B237 /* Assets.xcassets in Resources */ = {isa = PBXBuildFile; fileRef = 02B87B9729E5F8AD0043B237 /* Assets.xcassets */; };
		02B87B9B29E5F8AD0043B237 /* LaunchScreen.storyboard in Resources */ = {isa = PBXBuildFile; fileRef = 02B87B9929E5F8AD0043B237 /* LaunchScreen.storyboard */; };
		02B87BA629E5F8AD0043B237 /* TableViewAppTests.swift in Sources */ = {isa = PBXBuildFile; fileRef = 02B87BA529E5F8AD0043B237 /* TableViewAppTests.swift */; };
		02B87BB029E5F8AD0043B237 /* TableViewAppUITests.swift in Sources */ = {isa = PBXBuildFile; fileRef = 02B87BAF29E5F8AD0043B237 /* TableViewAppUITests.swift */; };
		02B87BB229E5F8AD0043B237 /* TableViewAppUITestsLaunchTests.swift in Sources */ = {isa = PBXBuildFile; fileRef = 02B87BB129E5F8AD0043B237 /* TableViewAppUITestsLaunchTests.swift */; };
/* End PBXBuildFile section */

/* Begin PBXContainerItemProxy section */
		02B87BA229E5F8AD0043B237 /* PBXContainerItemProxy */ = {
			isa = PBXContainerItemProxy;
			containerPortal = 02B87B8329E5F8AC0043B237 /* Project object */;
			proxyType = 1;
			remoteGlobalIDString = 02B87B8A29E5F8AC0043B237;
			remoteInfo = TableViewApp;
		};
		02B87BAC29E5F8AD0043B237 /* PBXContainerItemProxy */ = {
			isa = PBXContainerItemProxy;
			containerPortal = 02B87B8329E5F8AC0043B237 /* Project object */;
			proxyType = 1;
			remoteGlobalIDString = 02B87B8A29E5F8AC0043B237;
			remoteInfo = TableViewApp;
		};
/* End PBXContainerItemProxy section */

/* Begin PBXFileReference section */
		02230CD729E5FDE4006FBDBD /* TableViewCellMeal.swift */ = {isa = PBXFileReference; lastKnownFileType = sourcecode.swift; path = TableViewCellMeal.swift; sourceTree = "<group>"; };
		02230CDB29E604C4006FBDBD /* Meals.swift */ = {isa = PBXFileReference; lastKnownFileType = sourcecode.swift; path = Meals.swift; sourceTree = "<group>"; };
		02B87B8B29E5F8AC0043B237 /* TableViewApp.app */ = {isa = PBXFileReference; explicitFileType = wrapper.application; includeInIndex = 0; path = TableViewApp.app; sourceTree = BUILT_PRODUCTS_DIR; };
		02B87B8E29E5F8AC0043B237 /* AppDelegate.swift */ = {isa = PBXFileReference; lastKnownFileType = sourcecode.swift; path = AppDelegate.swift; sourceTree = "<group>"; };
		02B87B9029E5F8AC0043B237 /* SceneDelegate.swift */ = {isa = PBXFileReference; lastKnownFileType = sourcecode.swift; path = SceneDelegate.swift; sourceTree = "<group>"; };
		02B87B9229E5F8AC0043B237 /* ViewController.swift */ = {isa = PBXFileReference; lastKnownFileType = sourcecode.swift; path = ViewController.swift; sourceTree = "<group>"; };
		02B87B9529E5F8AC0043B237 /* Base */ = {isa = PBXFileReference; lastKnownFileType = file.storyboard; name = Base; path = Base.lproj/Main.storyboard; sourceTree = "<group>"; };
		02B87B9729E5F8AD0043B237 /* Assets.xcassets */ = {isa = PBXFileReference; lastKnownFileType = folder.assetcatalog; path = Assets.xcassets; sourceTree = "<group>"; };
		02B87B9A29E5F8AD0043B237 /* Base */ = {isa = PBXFileReference; lastKnownFileType = file.storyboard; name = Base; path = Base.lproj/LaunchScreen.storyboard; sourceTree = "<group>"; };
		02B87B9C29E5F8AD0043B237 /* Info.plist */ = {isa = PBXFileReference; lastKnownFileType = text.plist.xml; path = Info.plist; sourceTree = "<group>"; };
		02B87BA129E5F8AD0043B237 /* TableViewAppTests.xctest */ = {isa = PBXFileReference; explicitFileType = wrapper.cfbundle; includeInIndex = 0; path = TableViewAppTests.xctest; sourceTree = BUILT_PRODUCTS_DIR; };
		02B87BA529E5F8AD0043B237 /* TableViewAppTests.swift */ = {isa = PBXFileReference; lastKnownFileType = sourcecode.swift; path = TableViewAppTests.swift; sourceTree = "<group>"; };
		02B87BAB29E5F8AD0043B237 /* TableViewAppUITests.xctest */ = {isa = PBXFileReference; explicitFileType = wrapper.cfbundle; includeInIndex = 0; path = TableViewAppUITests.xctest; sourceTree = BUILT_PRODUCTS_DIR; };
		02B87BAF29E5F8AD0043B237 /* TableViewAppUITests.swift */ = {isa = PBXFileReference; lastKnownFileType = sourcecode.swift; path = TableViewAppUITests.swift; sourceTree = "<group>"; };
		02B87BB129E5F8AD0043B237 /* TableViewAppUITestsLaunchTests.swift */ = {isa = PBXFileReference; lastKnownFileType = sourcecode.swift; path = TableViewAppUITestsLaunchTests.swift; sourceTree = "<group>"; };
/* End PBXFileReference section */

/* Begin PBXFrameworksBuildPhase section */
		02B87B8829E5F8AC0043B237 /* Frameworks */ = {
			isa = PBXFrameworksBuildPhase;
			buildActionMask = 2147483647;
			files = (
			);
			runOnlyForDeploymentPostprocessing = 0;
		};
		02B87B9E29E5F8AD0043B237 /* Frameworks */ = {
			isa = PBXFrameworksBuildPhase;
			buildActionMask = 2147483647;
			files = (
			);
			runOnlyForDeploymentPostprocessing = 0;
		};
		02B87BA829E5F8AD0043B237 /* Frameworks */ = {
			isa = PBXFrameworksBuildPhase;
			buildActionMask = 2147483647;
			files = (
			);
			runOnlyForDeploymentPostprocessing = 0;
		};
/* End PBXFrameworksBuildPhase section */

/* Begin PBXGroup section */
		02B87B8229E5F8AC0043B237 = {
			isa = PBXGroup;
			children = (
				02B87B8D29E5F8AC0043B237 /* TableViewApp */,
				02B87BA429E5F8AD0043B237 /* TableViewAppTests */,
				02B87BAE29E5F8AD0043B237 /* TableViewAppUITests */,
				02B87B8C29E5F8AC0043B237 /* Products */,
			);
			sourceTree = "<group>";
		};
		02B87B8C29E5F8AC0043B237 /* Products */ = {
			isa = PBXGroup;
			children = (
				02B87B8B29E5F8AC0043B237 /* TableViewApp.app */,
				02B87BA129E5F8AD0043B237 /* TableViewAppTests.xctest */,
				02B87BAB29E5F8AD0043B237 /* TableViewAppUITests.xctest */,
			);
			name = Products;
			sourceTree = "<group>";
		};
		02B87B8D29E5F8AC0043B237 /* TableViewApp */ = {
			isa = PBXGroup;
			children = (
				02B87B8E29E5F8AC0043B237 /* AppDelegate.swift */,
				02B87B9029E5F8AC0043B237 /* SceneDelegate.swift */,
				02230CDB29E604C4006FBDBD /* Meals.swift */,
				02230CD729E5FDE4006FBDBD /* TableViewCellMeal.swift */,
				02B87B9229E5F8AC0043B237 /* ViewController.swift */,
				02B87B9429E5F8AC0043B237 /* Main.storyboard */,
				02B87B9729E5F8AD0043B237 /* Assets.xcassets */,
				02B87B9929E5F8AD0043B237 /* LaunchScreen.storyboard */,
				02B87B9C29E5F8AD0043B237 /* Info.plist */,
			);
			path = TableViewApp;
			sourceTree = "<group>";
		};
		02B87BA429E5F8AD0043B237 /* TableViewAppTests */ = {
			isa = PBXGroup;
			children = (
				02B87BA529E5F8AD0043B237 /* TableViewAppTests.swift */,
			);
			path = TableViewAppTests;
			sourceTree = "<group>";
		};
		02B87BAE29E5F8AD0043B237 /* TableViewAppUITests */ = {
			isa = PBXGroup;
			children = (
				02B87BAF29E5F8AD0043B237 /* TableViewAppUITests.swift */,
				02B87BB129E5F8AD0043B237 /* TableViewAppUITestsLaunchTests.swift */,
			);
			path = TableViewAppUITests;
			sourceTree = "<group>";
		};
/* End PBXGroup section */

/* Begin PBXNativeTarget section */
		02B87B8A29E5F8AC0043B237 /* TableViewApp */ = {
			isa = PBXNativeTarget;
			buildConfigurationList = 02B87BB529E5F8AD0043B237 /* Build configuration list for PBXNativeTarget "TableViewApp" */;
			buildPhases = (
				02B87B8729E5F8AC0043B237 /* Sources */,
				02B87B8829E5F8AC0043B237 /* Frameworks */,
				02B87B8929E5F8AC0043B237 /* Resources */,
			);
			buildRules = (
			);
			dependencies = (
			);
			name = TableViewApp;
			productName = TableViewApp;
			productReference = 02B87B8B29E5F8AC0043B237 /* TableViewApp.app */;
			productType = "com.apple.product-type.application";
		};
		02B87BA029E5F8AD0043B237 /* TableViewAppTests */ = {
			isa = PBXNativeTarget;
			buildConfigurationList = 02B87BB829E5F8AD0043B237 /* Build configuration list for PBXNativeTarget "TableViewAppTests" */;
			buildPhases = (
				02B87B9D29E5F8AD0043B237 /* Sources */,
				02B87B9E29E5F8AD0043B237 /* Frameworks */,
				02B87B9F29E5F8AD0043B237 /* Resources */,
			);
			buildRules = (
			);
			dependencies = (
				02B87BA329E5F8AD0043B237 /* PBXTargetDependency */,
			);
			name = TableViewAppTests;
			productName = TableViewAppTests;
			productReference = 02B87BA129E5F8AD0043B237 /* TableViewAppTests.xctest */;
			productType = "com.apple.product-type.bundle.unit-test";
		};
		02B87BAA29E5F8AD0043B237 /* TableViewAppUITests */ = {
			isa = PBXNativeTarget;
			buildConfigurationList = 02B87BBB29E5F8AD0043B237 /* Build configuration list for PBXNativeTarget "TableViewAppUITests" */;
			buildPhases = (
				02B87BA729E5F8AD0043B237 /* Sources */,
				02B87BA829E5F8AD0043B237 /* Frameworks */,
				02B87BA929E5F8AD0043B237 /* Resources */,
			);
			buildRules = (
			);
			dependencies = (
				02B87BAD29E5F8AD0043B237 /* PBXTargetDependency */,
			);
			name = TableViewAppUITests;
			productName = TableViewAppUITests;
			productReference = 02B87BAB29E5F8AD0043B237 /* TableViewAppUITests.xctest */;
			productType = "com.apple.product-type.bundle.ui-testing";
		};
/* End PBXNativeTarget section */

/* Begin PBXProject section */
		02B87B8329E5F8AC0043B237 /* Project object */ = {
			isa = PBXProject;
			attributes = {
				BuildIndependentTargetsInParallel = 1;
				LastSwiftUpdateCheck = 1340;
				LastUpgradeCheck = 1340;
				TargetAttributes = {
					02B87B8A29E5F8AC0043B237 = {
						CreatedOnToolsVersion = 13.4.1;
					};
					02B87BA029E5F8AD0043B237 = {
						CreatedOnToolsVersion = 13.4.1;
						TestTargetID = 02B87B8A29E5F8AC0043B237;
					};
					02B87BAA29E5F8AD0043B237 = {
						CreatedOnToolsVersion = 13.4.1;
						TestTargetID = 02B87B8A29E5F8AC0043B237;
					};
				};
			};
			buildConfigurationList = 02B87B8629E5F8AC0043B237 /* Build configuration list for PBXProject "TableViewApp" */;
			compatibilityVersion = "Xcode 13.0";
			developmentRegion = en;
			hasScannedForEncodings = 0;
			knownRegions = (
				en,
				Base,
			);
			mainGroup = 02B87B8229E5F8AC0043B237;
			productRefGroup = 02B87B8C29E5F8AC0043B237 /* Products */;
			projectDirPath = "";
			projectRoot = "";
			targets = (
				02B87B8A29E5F8AC0043B237 /* TableViewApp */,
				02B87BA029E5F8AD0043B237 /* TableViewAppTests */,
				02B87BAA29E5F8AD0043B237 /* TableViewAppUITests */,
			);
		};
/* End PBXProject section */

/* Begin PBXResourcesBuildPhase section */
		02B87B8929E5F8AC0043B237 /* Resources */ = {
			isa = PBXResourcesBuildPhase;
			buildActionMask = 2147483647;
			files = (
				02B87B9B29E5F8AD0043B237 /* LaunchScreen.storyboard in Resources */,
				02B87B9829E5F8AD0043B237 /* Assets.xcassets in Resources */,
				02B87B9629E5F8AC0043B237 /* Main.storyboard in Resources */,
			);
			runOnlyForDeploymentPostprocessing = 0;
		};
		02B87B9F29E5F8AD0043B237 /* Resources */ = {
			isa = PBXResourcesBuildPhase;
			buildActionMask = 2147483647;
			files = (
			);
			runOnlyForDeploymentPostprocessing = 0;
		};
		02B87BA929E5F8AD0043B237 /* Resources */ = {
			isa = PBXResourcesBuildPhase;
			buildActionMask = 2147483647;
			files = (
			);
			runOnlyForDeploymentPostprocessing = 0;
		};
/* End PBXResourcesBuildPhase section */

/* Begin PBXSourcesBuildPhase section */
		02B87B8729E5F8AC0043B237 /* Sources */ = {
			isa = PBXSourcesBuildPhase;
			buildActionMask = 2147483647;
			files = (
				02230CD829E5FDE4006FBDBD /* TableViewCellMeal.swift in Sources */,
				02B87B9329E5F8AC0043B237 /* ViewController.swift in Sources */,
				02B87B8F29E5F8AC0043B237 /* AppDelegate.swift in Sources */,
				02B87B9129E5F8AC0043B237 /* SceneDelegate.swift in Sources */,
				02230CDC29E604C4006FBDBD /* Meals.swift in Sources */,
			);
			runOnlyForDeploymentPostprocessing = 0;
		};
		02B87B9D29E5F8AD0043B237 /* Sources */ = {
			isa = PBXSourcesBuildPhase;
			buildActionMask = 2147483647;
			files = (
				02B87BA629E5F8AD0043B237 /* TableViewAppTests.swift in Sources */,
			);
			runOnlyForDeploymentPostprocessing = 0;
		};
		02B87BA729E5F8AD0043B237 /* Sources */ = {
			isa = PBXSourcesBuildPhase;
			buildActionMask = 2147483647;
			files = (
				02B87BB229E5F8AD0043B237 /* TableViewAppUITestsLaunchTests.swift in Sources */,
				02B87BB029E5F8AD0043B237 /* TableViewAppUITests.swift in Sources */,
			);
			runOnlyForDeploymentPostprocessing = 0;
		};
/* End PBXSourcesBuildPhase section */

/* Begin PBXTargetDependency section */
		02B87BA329E5F8AD0043B237 /* PBXTargetDependency */ = {
			isa = PBXTargetDependency;
			target = 02B87B8A29E5F8AC0043B237 /* TableViewApp */;
			targetProxy = 02B87BA229E5F8AD0043B237 /* PBXContainerItemProxy */;
		};
		02B87BAD29E5F8AD0043B237 /* PBXTargetDependency */ = {
			isa = PBXTargetDependency;
			target = 02B87B8A29E5F8AC0043B237 /* TableViewApp */;
			targetProxy = 02B87BAC29E5F8AD0043B237 /* PBXContainerItemProxy */;
		};
/* End PBXTargetDependency section */

/* Begin PBXVariantGroup section */
		02B87B9429E5F8AC0043B237 /* Main.storyboard */ = {
			isa = PBXVariantGroup;
			children = (
				02B87B9529E5F8AC0043B237 /* Base */,
			);
			name = Main.storyboard;
			sourceTree = "<group>";
		};
		02B87B9929E5F8AD0043B237 /* LaunchScreen.storyboard */ = {
			isa = PBXVariantGroup;
			children = (
				02B87B9A29E5F8AD0043B237 /* Base */,
			);
			name = LaunchScreen.storyboard;
			sourceTree = "<group>";
		};
/* End PBXVariantGroup section */

/* Begin XCBuildConfiguration section */
		02B87BB329E5F8AD0043B237 /* Debug */ = {
			isa = XCBuildConfiguration;
			buildSettings = {
				ALWAYS_SEARCH_USER_PATHS = NO;
				CLANG_ANALYZER_NONNULL = YES;
				CLANG_ANALYZER_NUMBER_OBJECT_CONVERSION = YES_AGGRESSIVE;
				CLANG_CXX_LANGUAGE_STANDARD = "gnu++17";
				CLANG_ENABLE_MODULES = YES;
				CLANG_ENABLE_OBJC_ARC = YES;
				CLANG_ENABLE_OBJC_WEAK = YES;
				CLANG_WARN_BLOCK_CAPTURE_AUTORELEASING = YES;
				CLANG_WARN_BOOL_CONVERSION = YES;
				CLANG_WARN_COMMA = YES;
				CLANG_WARN_CONSTANT_CONVERSION = YES;
				CLANG_WARN_DEPRECATED_OBJC_IMPLEMENTATIONS = YES;
				CLANG_WARN_DIRECT_OBJC_ISA_USAGE = YES_ERROR;
				CLANG_WARN_DOCUMENTATION_COMMENTS = YES;
				CLANG_WARN_EMPTY_BODY = YES;
				CLANG_WARN_ENUM_CONVERSION = YES;
				CLANG_WARN_INFINITE_RECURSION = YES;
				CLANG_WARN_INT_CONVERSION = YES;
				CLANG_WARN_NON_LITERAL_NULL_CONVERSION = YES;
				CLANG_WARN_OBJC_IMPLICIT_RETAIN_SELF = YES;
				CLANG_WARN_OBJC_LITERAL_CONVERSION = YES;
				CLANG_WARN_OBJC_ROOT_CLASS = YES_ERROR;
				CLANG_WARN_QUOTED_INCLUDE_IN_FRAMEWORK_HEADER = YES;
				CLANG_WARN_RANGE_LOOP_ANALYSIS = YES;
				CLANG_WARN_STRICT_PROTOTYPES = YES;
				CLANG_WARN_SUSPICIOUS_MOVE = YES;
				CLANG_WARN_UNGUARDED_AVAILABILITY = YES_AGGRESSIVE;
				CLANG_WARN_UNREACHABLE_CODE = YES;
				CLANG_WARN__DUPLICATE_METHOD_MATCH = YES;
				COPY_PHASE_STRIP = NO;
				DEBUG_INFORMATION_FORMAT = dwarf;
				ENABLE_STRICT_OBJC_MSGSEND = YES;
				ENABLE_TESTABILITY = YES;
				GCC_C_LANGUAGE_STANDARD = gnu11;
				GCC_DYNAMIC_NO_PIC = NO;
				GCC_NO_COMMON_BLOCKS = YES;
				GCC_OPTIMIZATION_LEVEL = 0;
				GCC_PREPROCESSOR_DEFINITIONS = (
					"DEBUG=1",
					"$(inherited)",
				);
				GCC_WARN_64_TO_32_BIT_CONVERSION = YES;
				GCC_WARN_ABOUT_RETURN_TYPE = YES_ERROR;
				GCC_WARN_UNDECLARED_SELECTOR = YES;
				GCC_WARN_UNINITIALIZED_AUTOS = YES_AGGRESSIVE;
				GCC_WARN_UNUSED_FUNCTION = YES;
				GCC_WARN_UNUSED_VARIABLE = YES;
				IPHONEOS_DEPLOYMENT_TARGET = 15.5;
				MTL_ENABLE_DEBUG_INFO = INCLUDE_SOURCE;
				MTL_FAST_MATH = YES;
				ONLY_ACTIVE_ARCH = YES;
				SDKROOT = iphoneos;
				SWIFT_ACTIVE_COMPILATION_CONDITIONS = DEBUG;
				SWIFT_OPTIMIZATION_LEVEL = "-Onone";
			};
			name = Debug;
		};
		02B87BB429E5F8AD0043B237 /* Release */ = {
			isa = XCBuildConfiguration;
			buildSettings = {
				ALWAYS_SEARCH_USER_PATHS = NO;
				CLANG_ANALYZER_NONNULL = YES;
				CLANG_ANALYZER_NUMBER_OBJECT_CONVERSION = YES_AGGRESSIVE;
				CLANG_CXX_LANGUAGE_STANDARD = "gnu++17";
				CLANG_ENABLE_MODULES = YES;
				CLANG_ENABLE_OBJC_ARC = YES;
				CLANG_ENABLE_OBJC_WEAK = YES;
				CLANG_WARN_BLOCK_CAPTURE_AUTORELEASING = YES;
				CLANG_WARN_BOOL_CONVERSION = YES;
				CLANG_WARN_COMMA = YES;
				CLANG_WARN_CONSTANT_CONVERSION = YES;
				CLANG_WARN_DEPRECATED_OBJC_IMPLEMENTATIONS = YES;
				CLANG_WARN_DIRECT_OBJC_ISA_USAGE = YES_ERROR;
				CLANG_WARN_DOCUMENTATION_COMMENTS = YES;
				CLANG_WARN_EMPTY_BODY = YES;
				CLANG_WARN_ENUM_CONVERSION = YES;
				CLANG_WARN_INFINITE_RECURSION = YES;
				CLANG_WARN_INT_CONVERSION = YES;
				CLANG_WARN_NON_LITERAL_NULL_CONVERSION = YES;
				CLANG_WARN_OBJC_IMPLICIT_RETAIN_SELF = YES;
				CLANG_WARN_OBJC_LITERAL_CONVERSION = YES;
				CLANG_WARN_OBJC_ROOT_CLASS = YES_ERROR;
				CLANG_WARN_QUOTED_INCLUDE_IN_FRAMEWORK_HEADER = YES;
				CLANG_WARN_RANGE_LOOP_ANALYSIS = YES;
				CLANG_WARN_STRICT_PROTOTYPES = YES;
				CLANG_WARN_SUSPICIOUS_MOVE = YES;
				CLANG_WARN_UNGUARDED_AVAILABILITY = YES_AGGRESSIVE;
				CLANG_WARN_UNREACHABLE_CODE = YES;
				CLANG_WARN__DUPLICATE_METHOD_MATCH = YES;
				COPY_PHASE_STRIP = NO;
				DEBUG_INFORMATION_FORMAT = "dwarf-with-dsym";
				ENABLE_NS_ASSERTIONS = NO;
				ENABLE_STRICT_OBJC_MSGSEND = YES;
				GCC_C_LANGUAGE_STANDARD = gnu11;
				GCC_NO_COMMON_BLOCKS = YES;
				GCC_WARN_64_TO_32_BIT_CONVERSION = YES;
				GCC_WARN_ABOUT_RETURN_TYPE = YES_ERROR;
				GCC_WARN_UNDECLARED_SELECTOR = YES;
				GCC_WARN_UNINITIALIZED_AUTOS = YES_AGGRESSIVE;
				GCC_WARN_UNUSED_FUNCTION = YES;
				GCC_WARN_UNUSED_VARIABLE = YES;
				IPHONEOS_DEPLOYMENT_TARGET = 15.5;
				MTL_ENABLE_DEBUG_INFO = NO;
				MTL_FAST_MATH = YES;
				SDKROOT = iphoneos;
				SWIFT_COMPILATION_MODE = wholemodule;
				SWIFT_OPTIMIZATION_LEVEL = "-O";
				VALIDATE_PRODUCT = YES;
			};
			name = Release;
		};
		02B87BB629E5F8AD0043B237 /* Debug */ = {
			isa = XCBuildConfiguration;
			buildSettings = {
				ASSETCATALOG_COMPILER_APPICON_NAME = AppIcon;
				ASSETCATALOG_COMPILER_GLOBAL_ACCENT_COLOR_NAME = AccentColor;
				CODE_SIGN_STYLE = Automatic;
				CURRENT_PROJECT_VERSION = 1;
				GENERATE_INFOPLIST_FILE = YES;
				INFOPLIST_FILE = TableViewApp/Info.plist;
				INFOPLIST_KEY_UIApplicationSupportsIndirectInputEvents = YES;
				INFOPLIST_KEY_UILaunchStoryboardName = LaunchScreen;
				INFOPLIST_KEY_UIMainStoryboardFile = Main;
				INFOPLIST_KEY_UISupportedInterfaceOrientations_iPad = "UIInterfaceOrientationPortrait UIInterfaceOrientationPortraitUpsideDown UIInterfaceOrientationLandscapeLeft UIInterfaceOrientationLandscapeRight";
				INFOPLIST_KEY_UISupportedInterfaceOrientations_iPhone = "UIInterfaceOrientationPortrait UIInterfaceOrientationLandscapeLeft UIInterfaceOrientationLandscapeRight";
				LD_RUNPATH_SEARCH_PATHS = (
					"$(inherited)",
					"@executable_path/Frameworks",
				);
				MARKETING_VERSION = 1.0;
				PRODUCT_BUNDLE_IDENTIFIER = Delil.TableViewApp;
				PRODUCT_NAME = "$(TARGET_NAME)";
				SWIFT_EMIT_LOC_STRINGS = YES;
				SWIFT_VERSION = 5.0;
				TARGETED_DEVICE_FAMILY = "1,2";
			};
			name = Debug;
		};
		02B87BB729E5F8AD0043B237 /* Release */ = {
			isa = XCBuildConfiguration;
			buildSettings = {
				ASSETCATALOG_COMPILER_APPICON_NAME = AppIcon;
				ASSETCATALOG_COMPILER_GLOBAL_ACCENT_COLOR_NAME = AccentColor;
				CODE_SIGN_STYLE = Automatic;
				CURRENT_PROJECT_VERSION = 1;
				GENERATE_INFOPLIST_FILE = YES;
				INFOPLIST_FILE = TableViewApp/Info.plist;
				INFOPLIST_KEY_UIApplicationSupportsIndirectInputEvents = YES;
				INFOPLIST_KEY_UILaunchStoryboardName = LaunchScreen;
				INFOPLIST_KEY_UIMainStoryboardFile = Main;
				INFOPLIST_KEY_UISupportedInterfaceOrientations_iPad = "UIInterfaceOrientationPortrait UIInterfaceOrientationPortraitUpsideDown UIInterfaceOrientationLandscapeLeft UIInterfaceOrientationLandscapeRight";
				INFOPLIST_KEY_UISupportedInterfaceOrientations_iPhone = "UIInterfaceOrientationPortrait UIInterfaceOrientationLandscapeLeft UIInterfaceOrientationLandscapeRight";
				LD_RUNPATH_SEARCH_PATHS = (
					"$(inherited)",
					"@executable_path/Frameworks",
				);
				MARKETING_VERSION = 1.0;
				PRODUCT_BUNDLE_IDENTIFIER = Delil.TableViewApp;
				PRODUCT_NAME = "$(TARGET_NAME)";
				SWIFT_EMIT_LOC_STRINGS = YES;
				SWIFT_VERSION = 5.0;
				TARGETED_DEVICE_FAMILY = "1,2";
			};
			name = Release;
		};
		02B87BB929E5F8AD0043B237 /* Debug */ = {
			isa = XCBuildConfiguration;
			buildSettings = {
				ALWAYS_EMBED_SWIFT_STANDARD_LIBRARIES = YES;
				BUNDLE_LOADER = "$(TEST_HOST)";
				CODE_SIGN_STYLE = Automatic;
				CURRENT_PROJECT_VERSION = 1;
				GENERATE_INFOPLIST_FILE = YES;
				IPHONEOS_DEPLOYMENT_TARGET = 15.5;
				MARKETING_VERSION = 1.0;
				PRODUCT_BUNDLE_IDENTIFIER = Delil.TableViewAppTests;
				PRODUCT_NAME = "$(TARGET_NAME)";
				SWIFT_EMIT_LOC_STRINGS = NO;
				SWIFT_VERSION = 5.0;
				TARGETED_DEVICE_FAMILY = "1,2";
				TEST_HOST = "$(BUILT_PRODUCTS_DIR)/TableViewApp.app/TableViewApp";
			};
			name = Debug;
		};
		02B87BBA29E5F8AD0043B237 /* Release */ = {
			isa = XCBuildConfiguration;
			buildSettings = {
				ALWAYS_EMBED_SWIFT_STANDARD_LIBRARIES = YES;
				BUNDLE_LOADER = "$(TEST_HOST)";
				CODE_SIGN_STYLE = Automatic;
				CURRENT_PROJECT_VERSION = 1;
				GENERATE_INFOPLIST_FILE = YES;
				IPHONEOS_DEPLOYMENT_TARGET = 15.5;
				MARKETING_VERSION = 1.0;
				PRODUCT_BUNDLE_IDENTIFIER = Delil.TableViewAppTests;
				PRODUCT_NAME = "$(TARGET_NAME)";
				SWIFT_EMIT_LOC_STRINGS = NO;
				SWIFT_VERSION = 5.0;
				TARGETED_DEVICE_FAMILY = "1,2";
				TEST_HOST = "$(BUILT_PRODUCTS_DIR)/TableViewApp.app/TableViewApp";
			};
			name = Release;
		};
		02B87BBC29E5F8AD0043B237 /* Debug */ = {
			isa = XCBuildConfiguration;
			buildSettings = {
				ALWAYS_EMBED_SWIFT_STANDARD_LIBRARIES = YES;
				CODE_SIGN_STYLE = Automatic;
				CURRENT_PROJECT_VERSION = 1;
				GENERATE_INFOPLIST_FILE = YES;
				MARKETING_VERSION = 1.0;
				PRODUCT_BUNDLE_IDENTIFIER = Delil.TableViewAppUITests;
				PRODUCT_NAME = "$(TARGET_NAME)";
				SWIFT_EMIT_LOC_STRINGS = NO;
				SWIFT_VERSION = 5.0;
				TARGETED_DEVICE_FAMILY = "1,2";
				TEST_TARGET_NAME = TableViewApp;
			};
			name = Debug;
		};
		02B87BBD29E5F8AD0043B237 /* Release */ = {
			isa = XCBuildConfiguration;
			buildSettings = {
				ALWAYS_EMBED_SWIFT_STANDARD_LIBRARIES = YES;
				CODE_SIGN_STYLE = Automatic;
				CURRENT_PROJECT_VERSION = 1;
				GENERATE_INFOPLIST_FILE = YES;
				MARKETING_VERSION = 1.0;
				PRODUCT_BUNDLE_IDENTIFIER = Delil.TableViewAppUITests;
				PRODUCT_NAME = "$(TARGET_NAME)";
				SWIFT_EMIT_LOC_STRINGS = NO;
				SWIFT_VERSION = 5.0;
				TARGETED_DEVICE_FAMILY = "1,2";
				TEST_TARGET_NAME = TableViewApp;
			};
			name = Release;
		};
/* End XCBuildConfiguration section */

/* Begin XCConfigurationList section */
		02B87B8629E5F8AC0043B237 /* Build configuration list for PBXProject "TableViewApp" */ = {
			isa = XCConfigurationList;
			buildConfigurations = (
				02B87BB329E5F8AD0043B237 /* Debug */,
				02B87BB429E5F8AD0043B237 /* Release */,
			);
			defaultConfigurationIsVisible = 0;
			defaultConfigurationName = Release;
		};
		02B87BB529E5F8AD0043B237 /* Build configuration list for PBXNativeTarget "TableViewApp" */ = {
			isa = XCConfigurationList;
			buildConfigurations = (
				02B87BB629E5F8AD0043B237 /* Debug */,
				02B87BB729E5F8AD0043B237 /* Release */,
			);
			defaultConfigurationIsVisible = 0;
			defaultConfigurationName = Release;
		};
		02B87BB829E5F8AD0043B237 /* Build configuration list for PBXNativeTarget "TableViewAppTests" */ = {
			isa = XCConfigurationList;
			buildConfigurations = (
				02B87BB929E5F8AD0043B237 /* Debug */,
				02B87BBA29E5F8AD0043B237 /* Release */,
			);
			defaultConfigurationIsVisible = 0;
			defaultConfigurationName = Release;
		};
		02B87BBB29E5F8AD0043B237 /* Build configuration list for PBXNativeTarget "TableViewAppUITests" */ = {
			isa = XCConfigurationList;
			buildConfigurations = (
				02B87BBC29E5F8AD0043B237 /* Debug */,
				02B87BBD29E5F8AD0043B237 /* Release */,
			);
			defaultConfigurationIsVisible = 0;
			defaultConfigurationName = Release;
		};
/* End XCConfigurationList section */
	};
	rootObject = 02B87B8329E5F8AC0043B237 /* Project object */;
}
